
Microsoft Visual Studio Solution File, Format Version 12.00
# Visual Studio 15
Project("{FAE04EC0-301F-11D3-BF4B-00C04F79EFBC}") = "Assembly-CSharp", "Assembly-CSharp.csproj", "{E1977AAE-B6DE-79CF-106D-E330D85E19DB}"
EndProject
Project("{FAE04EC0-301F-11D3-BF4B-00C04F79EFBC}") = "Assembly-CSharp-firstpass", "Assembly-CSharp-firstpass.csproj", "{9FD928E5-39A0-CE10-3F76-9E4860511925}"
EndProject
Project("{FAE04EC0-301F-11D3-BF4B-00C04F79EFBC}") = "Assembly-CSharp-Editor-firstpass", "Assembly-CSharp-Editor-firstpass.csproj", "{7B029BF7-4F9C-5135-AC54-C48F8C83C7BA}"
EndProject
Global
	GlobalSection(SolutionConfigurationPlatforms) = preSolution
		Debug|Any CPU = Debug|Any CPU
		Release|Any CPU = Release|Any CPU
	EndGlobalSection
	GlobalSection(ProjectConfigurationPlatforms) = postSolution
		{E1977AAE-B6DE-79CF-106D-E330D85E19DB}.Debug|Any CPU.ActiveCfg = Debug|Any CPU
		{E1977AAE-B6DE-79CF-106D-E330D85E19DB}.Debug|Any CPU.Build.0 = Debug|Any CPU
		{E1977AAE-B6DE-79CF-106D-E330D85E19DB}.Release|Any CPU.ActiveCfg = Release|Any CPU
		{E1977AAE-B6DE-79CF-106D-E330D85E19DB}.Release|Any CPU.Build.0 = Release|Any CPU
		{9FD928E5-39A0-CE10-3F76-9E4860511925}.Debug|Any CPU.ActiveCfg = Debug|Any CPU
		{9FD928E5-39A0-CE10-3F76-9E4860511925}.Debug|Any CPU.Build.0 = Debug|Any CPU
		{9FD928E5-39A0-CE10-3F76-9E4860511925}.Release|Any CPU.ActiveCfg = Release|Any CPU
		{9FD928E5-39A0-CE10-3F76-9E4860511925}.Release|Any CPU.Build.0 = Release|Any CPU
		{7B029BF7-4F9C-5135-AC54-C48F8C83C7BA}.Debug|Any CPU.ActiveCfg = Debug|Any CPU
		{7B029BF7-4F9C-5135-AC54-C48F8C83C7BA}.Debug|Any CPU.Build.0 = Debug|Any CPU
		{7B029BF7-4F9C-5135-AC54-C48F8C83C7BA}.Release|Any CPU.ActiveCfg = Release|Any CPU
		{7B029BF7-4F9C-5135-AC54-C48F8C83C7BA}.Release|Any CPU.Build.0 = Release|Any CPU
	EndGlobalSection
	GlobalSection(SolutionProperties) = preSolution
		HideSolutionNode = FALSE
	EndGlobalSection
EndGlobal
